
Microsoft Visual Studio Solution File, Format Version 12.00
# Visual Studio 2013
VisualStudioVersion = 12.0.31101.0
MinimumVisualStudioVersion = 10.0.40219.1
Project("{FAE04EC0-301F-11D3-BF4B-00C04F79EFBC}") = "Proaraz.ODataBackend", "ODataBackend/Proaraz.ODataBackend.csproj", "{EF8D11FA-105F-402C-A944-4F6DCF056399}"
EndProject
Project("{FAE04EC0-301F-11D3-BF4B-00C04F79EFBC}") = "Proaraz.Objects", "Objects/Proaraz.Objects.csproj", "{1B4508CE-ACE7-4F46-9A4C-D508E103213C}"
EndProject
Global
	GlobalSection(SolutionConfigurationPlatforms) = preSolution
Debug|Any CPU = Debug|Any CPU
Release|Any CPU = Release|Any CPU
	EndGlobalSection
	GlobalSection(ProjectConfigurationPlatforms) = postSolution
		{EF8D11FA-105F-402C-A944-4F6DCF056399}.Debug|Any CPU.ActiveCfg = Debug|Any CPU
		{EF8D11FA-105F-402C-A944-4F6DCF056399}.Debug|Any CPU.Build.0 = Debug|Any CPU
		{EF8D11FA-105F-402C-A944-4F6DCF056399}.Release|Any CPU.ActiveCfg = Release|Any CPU
		{EF8D11FA-105F-402C-A944-4F6DCF056399}.Release|Any CPU.Build.0 = Release|Any CPU
		{1B4508CE-ACE7-4F46-9A4C-D508E103213C}.Debug|Any CPU.ActiveCfg = Debug|Any CPU
		{1B4508CE-ACE7-4F46-9A4C-D508E103213C}.Debug|Any CPU.Build.0 = Debug|Any CPU
		{1B4508CE-ACE7-4F46-9A4C-D508E103213C}.Release|Any CPU.ActiveCfg = Release|Any CPU
		{1B4508CE-ACE7-4F46-9A4C-D508E103213C}.Release|Any CPU.Build.0 = Release|Any CPU
	EndGlobalSection
	GlobalSection(SolutionProperties) = preSolution
		HideSolutionNode = FALSE
	EndGlobalSection
EndGlobal
